<?xml version="1.0" encoding="utf-8"?>
<Project ToolsVersion="4.0" xmlns="http://schemas.microsoft.com/developer/msbuild/2003">
  <ItemGroup>
    <ClInclude Include="BubbleCore.h">
      <Filter>01.GameCore</Filter>
    </ClInclude>
    <ClInclude Include="ContentsEnum.h">
      <Filter>02.Define</Filter>
    </ClInclude>
    <ClInclude Include="TitleBackGround.h">
      <Filter>03.Level &amp; Actor\02.Title\02.TitleBackGround</Filter>
    </ClInclude>
    <ClInclude Include="TitleLevel.h">
      <Filter>03.Level &amp; Actor\02.Title\01.Level</Filter>
    </ClInclude>
    <ClInclude Include="TextLine.h">
      <Filter>03.Level &amp; Actor\01.CommonActors\01.TextLine</Filter>
    </ClInclude>
    <ClInclude Include="BubbleMissle.h">
      <Filter>03.Level &amp; Actor\01.CommonActors\03.BubbleMissle</Filter>
    </ClInclude>
    <ClInclude Include="RoundA_Enter.h">
      <Filter>03.Level &amp; Actor\04.RoundRooms\01.RoundA\01.EnterRoom\01.Level</Filter>
    </ClInclude>
    <ClInclude Include="RoundA_Enter_BackGround.h">
      <Filter>03.Level &amp; Actor\04.RoundRooms\01.RoundA\01.EnterRoom\02.Actor</Filter>
    </ClInclude>
    <ClInclude Include="SelectPlayerLevel.h">
      <Filter>03.Level &amp; Actor\03.SelectPlayer\01.Level</Filter>
    </ClInclude>
    <ClInclude Include="SelectPlayerBackGround.h">
      <Filter>03.Level &amp; Actor\03.SelectPlayer\02.Actor</Filter>
    </ClInclude>
    <ClInclude Include="BackGround.h">
      <Filter>03.Level &amp; Actor\01.CommonActors\02.BackGround</Filter>
    </ClInclude>
  </ItemGroup>
  <ItemGroup>
    <ClCompile Include="BubbleCore.cpp">
      <Filter>01.GameCore</Filter>
    </ClCompile>
    <ClCompile Include="TitleBackGround.cpp">
      <Filter>03.Level &amp; Actor\02.Title\02.TitleBackGround</Filter>
    </ClCompile>
    <ClCompile Include="TitleLevel.cpp">
      <Filter>03.Level &amp; Actor\02.Title\01.Level</Filter>
    </ClCompile>
    <ClCompile Include="TextLine.cpp">
      <Filter>03.Level &amp; Actor\01.CommonActors\01.TextLine</Filter>
    </ClCompile>
    <ClCompile Include="BubbleMissle.cpp">
      <Filter>03.Level &amp; Actor\01.CommonActors\03.BubbleMissle</Filter>
    </ClCompile>
    <ClCompile Include="RoundA_Enter.cpp">
      <Filter>03.Level &amp; Actor\04.RoundRooms\01.RoundA\01.EnterRoom\01.Level</Filter>
    </ClCompile>
    <ClCompile Include="RoundA_Enter_BackGround.cpp">
      <Filter>03.Level &amp; Actor\04.RoundRooms\01.RoundA\01.EnterRoom\02.Actor</Filter>
    </ClCompile>
    <ClCompile Include="SelectPlayerLevel.cpp">
      <Filter>03.Level &amp; Actor\03.SelectPlayer\01.Level</Filter>
    </ClCompile>
    <ClCompile Include="SelectPlayerBackGround.cpp">
      <Filter>03.Level &amp; Actor\03.SelectPlayer\02.Actor</Filter>
    </ClCompile>
    <ClCompile Include="BackGround.cpp">
      <Filter>03.Level &amp; Actor\01.CommonActors\02.BackGround</Filter>
    </ClCompile>
  </ItemGroup>
  <ItemGroup>
    <Filter Include="01.GameCore">
      <UniqueIdentifier>{83f15a84-1fab-4f8b-9f57-1a9295b9c2c5}</UniqueIdentifier>
    </Filter>
    <Filter Include="02.Define">
      <UniqueIdentifier>{f8fa3e57-480a-4eff-9e07-c31f05974e62}</UniqueIdentifier>
    </Filter>
    <Filter Include="03.Level &amp; Actor">
      <UniqueIdentifier>{816f99e3-605a-44d1-a88a-a3bc8f7ff80e}</UniqueIdentifier>
    </Filter>
    <Filter Include="03.Level &amp; Actor\02.Title">
      <UniqueIdentifier>{a75cbdf1-d3ab-4491-8c51-259732730404}</UniqueIdentifier>
    </Filter>
    <Filter Include="03.Level &amp; Actor\02.Title\01.Level">
      <UniqueIdentifier>{d8a0f27e-e74f-4971-8405-56685793e499}</UniqueIdentifier>
    </Filter>
    <Filter Include="03.Level &amp; Actor\02.Title\02.TitleBackGround">
      <UniqueIdentifier>{7eca4a62-389b-45ae-9953-5c90fb96b92b}</UniqueIdentifier>
    </Filter>
    <Filter Include="03.Level &amp; Actor\01.CommonActors">
      <UniqueIdentifier>{9dd6153a-e62c-4f3b-84d5-fcc4d89e9951}</UniqueIdentifier>
    </Filter>
    <Filter Include="04.State">
      <UniqueIdentifier>{9d415a58-43aa-4f97-b4b4-3e2e69b5779e}</UniqueIdentifier>
    </Filter>
    <Filter Include="04.State\01.PlayerState">
      <UniqueIdentifier>{6a3a9269-1c9e-49c6-9498-8945f5c63602}</UniqueIdentifier>
    </Filter>
    <Filter Include="04.State\02.BubbleState">
      <UniqueIdentifier>{b52a0bdb-bfb7-4892-8cef-39041a7959e7}</UniqueIdentifier>
    </Filter>
    <Filter Include="03.Level &amp; Actor\04.RoundRooms">
      <UniqueIdentifier>{5c821fb1-13a1-40bd-a931-06f862407f7c}</UniqueIdentifier>
    </Filter>
    <Filter Include="03.Level &amp; Actor\04.RoundRooms\01.RoundA">
      <UniqueIdentifier>{bdfec7d0-2626-4662-83b7-fca0484fdb93}</UniqueIdentifier>
    </Filter>
    <Filter Include="03.Level &amp; Actor\04.RoundRooms\01.RoundA\01.EnterRoom">
      <UniqueIdentifier>{03dbe607-9aa5-4f4a-8a4f-3af6ef2b75bb}</UniqueIdentifier>
    </Filter>
    <Filter Include="03.Level &amp; Actor\04.RoundRooms\01.RoundA\02.RoundA-1">
      <UniqueIdentifier>{7005c689-d7b0-481d-9761-1b2f58be7019}</UniqueIdentifier>
    </Filter>
    <Filter Include="03.Level &amp; Actor\04.RoundRooms\01.RoundA\03.RoundA-2">
      <UniqueIdentifier>{02c3e57f-bb0c-4321-bdb9-c5cbf7bdd71d}</UniqueIdentifier>
    </Filter>
    <Filter Include="03.Level &amp; Actor\04.RoundRooms\01.RoundA\04.RoundA-3">
      <UniqueIdentifier>{3fdb5ad5-fcef-4245-b5c1-e157ae755176}</UniqueIdentifier>
    </Filter>
    <Filter Include="03.Level &amp; Actor\04.RoundRooms\01.RoundA\01.EnterRoom\01.Level">
      <UniqueIdentifier>{9b2a8afc-166e-4da1-aa62-b06b598c5f6e}</UniqueIdentifier>
    </Filter>
    <Filter Include="03.Level &amp; Actor\04.RoundRooms\01.RoundA\01.EnterRoom\02.Actor">
      <UniqueIdentifier>{4201a697-f1f9-41c0-a152-b25f3b0715ab}</UniqueIdentifier>
    </Filter>
    <Filter Include="03.Level &amp; Actor\03.SelectPlayer">
      <UniqueIdentifier>{9156b127-563b-4de5-bfc8-e6382cc36366}</UniqueIdentifier>
    </Filter>
    <Filter Include="03.Level &amp; Actor\03.SelectPlayer\01.Level">
      <UniqueIdentifier>{7a6ba7b7-f12e-4163-8b2f-3c8f143e9115}</UniqueIdentifier>
    </Filter>
    <Filter Include="03.Level &amp; Actor\03.SelectPlayer\02.Actor">
      <UniqueIdentifier>{45c35635-5f48-4e48-8c7f-b26f419cf21c}</UniqueIdentifier>
    </Filter>
    <Filter Include="03.Level &amp; Actor\01.CommonActors\01.TextLine">
      <UniqueIdentifier>{9dad718b-a627-4176-a49c-ac4fa8c3328d}</UniqueIdentifier>
    </Filter>
    <Filter Include="03.Level &amp; Actor\01.CommonActors\03.BubbleMissle">
      <UniqueIdentifier>{e7a2b577-4351-431c-b367-11e823086372}</UniqueIdentifier>
    </Filter>
    <Filter Include="03.Level &amp; Actor\01.CommonActors\02.BackGround">
      <UniqueIdentifier>{da3d92fe-3e52-4e63-b069-b0441e4252cb}</UniqueIdentifier>
    </Filter>
  </ItemGroup>
</Project>