
Microsoft Visual Studio Solution File, Format Version 12.00
# Visual Studio Version 17
VisualStudioVersion = 17.4.33205.214
MinimumVisualStudioVersion = 10.0.40219.1
Project("{8BC9CEB8-8B4A-11D0-8D11-00A0C91BC942}") = "APIApp", "APIApp\APIApp.vcxproj", "{95025D17-1660-4737-9AC6-D73BDE889298}"
	ProjectSection(ProjectDependencies) = postProject
		{58B11226-90B9-4476-AB1A-C8462B817B62} = {58B11226-90B9-4476-AB1A-C8462B817B62}
		{C061B19C-D269-44CC-812F-9F851E7052EE} = {C061B19C-D269-44CC-812F-9F851E7052EE}
		{D4FEEAFB-8E3D-43E1-BDD5-36AE0C309B01} = {D4FEEAFB-8E3D-43E1-BDD5-36AE0C309B01}
		{DB4E3CAF-E2F8-4D4E-ACCB-1CF569EA79B4} = {DB4E3CAF-E2F8-4D4E-ACCB-1CF569EA79B4}
	EndProjectSection
EndProject
Project("{2150E333-8FDC-42A3-9474-1A3956D46DE8}") = "Level0", "Level0", "{05D5B3D6-89BB-460D-AF87-FBA21B35A7B2}"
EndProject
Project("{2150E333-8FDC-42A3-9474-1A3956D46DE8}") = "Level1", "Level1", "{C5D36AD1-7D72-4141-9043-9BE2B5FD2390}"
EndProject
Project("{2150E333-8FDC-42A3-9474-1A3956D46DE8}") = "Level2", "Level2", "{23A4AB90-32DC-4F41-905D-CE1F13898A02}"
EndProject
Project("{2150E333-8FDC-42A3-9474-1A3956D46DE8}") = "Level3", "Level3", "{946BCD15-1182-417E-8210-6C43E054B7C8}"
EndProject
Project("{2150E333-8FDC-42A3-9474-1A3956D46DE8}") = "Level4", "Level4", "{525FCCDB-EEB8-472A-A5E2-05CB9AEF291E}"
EndProject
Project("{8BC9CEB8-8B4A-11D0-8D11-00A0C91BC942}") = "GameEngineBase", "GameEngineBase\GameEngineBase.vcxproj", "{DB4E3CAF-E2F8-4D4E-ACCB-1CF569EA79B4}"
EndProject
Project("{8BC9CEB8-8B4A-11D0-8D11-00A0C91BC942}") = "GameEnginePlatform", "GameEnginePlatform\GameEnginePlatform.vcxproj", "{C061B19C-D269-44CC-812F-9F851E7052EE}"
	ProjectSection(ProjectDependencies) = postProject
		{DB4E3CAF-E2F8-4D4E-ACCB-1CF569EA79B4} = {DB4E3CAF-E2F8-4D4E-ACCB-1CF569EA79B4}
	EndProjectSection
EndProject
Project("{8BC9CEB8-8B4A-11D0-8D11-00A0C91BC942}") = "GameEngineCore", "GameEngineCore\GameEngineCore.vcxproj", "{D4FEEAFB-8E3D-43E1-BDD5-36AE0C309B01}"
	ProjectSection(ProjectDependencies) = postProject
		{C061B19C-D269-44CC-812F-9F851E7052EE} = {C061B19C-D269-44CC-812F-9F851E7052EE}
		{DB4E3CAF-E2F8-4D4E-ACCB-1CF569EA79B4} = {DB4E3CAF-E2F8-4D4E-ACCB-1CF569EA79B4}
	EndProjectSection
EndProject
Project("{8BC9CEB8-8B4A-11D0-8D11-00A0C91BC942}") = "GameEngineContents", "GameEngineContents\GameEngineContents.vcxproj", "{58B11226-90B9-4476-AB1A-C8462B817B62}"
	ProjectSection(ProjectDependencies) = postProject
		{C061B19C-D269-44CC-812F-9F851E7052EE} = {C061B19C-D269-44CC-812F-9F851E7052EE}
		{D4FEEAFB-8E3D-43E1-BDD5-36AE0C309B01} = {D4FEEAFB-8E3D-43E1-BDD5-36AE0C309B01}
		{DB4E3CAF-E2F8-4D4E-ACCB-1CF569EA79B4} = {DB4E3CAF-E2F8-4D4E-ACCB-1CF569EA79B4}
	EndProjectSection
EndProject
Project("{2150E333-8FDC-42A3-9474-1A3956D46DE8}") = "_포트폴리오", "_포트폴리오", "{B137A83B-B302-4704-9BE7-67874BCC0DD8}"
	ProjectSection(SolutionItems) = preProject
		Doc.txt = Doc.txt
		플레이어 FSM.txt = 플레이어 FSM.txt
	EndProjectSection
EndProject
Global
	GlobalSection(SolutionConfigurationPlatforms) = preSolution
		Debug|x64 = Debug|x64
		Debug|x86 = Debug|x86
		Release|x64 = Release|x64
		Release|x86 = Release|x86
	EndGlobalSection
	GlobalSection(ProjectConfigurationPlatforms) = postSolution
		{95025D17-1660-4737-9AC6-D73BDE889298}.Debug|x64.ActiveCfg = Debug|x64
		{95025D17-1660-4737-9AC6-D73BDE889298}.Debug|x64.Build.0 = Debug|x64
		{95025D17-1660-4737-9AC6-D73BDE889298}.Debug|x86.ActiveCfg = Debug|Win32
		{95025D17-1660-4737-9AC6-D73BDE889298}.Debug|x86.Build.0 = Debug|Win32
		{95025D17-1660-4737-9AC6-D73BDE889298}.Release|x64.ActiveCfg = Release|x64
		{95025D17-1660-4737-9AC6-D73BDE889298}.Release|x64.Build.0 = Release|x64
		{95025D17-1660-4737-9AC6-D73BDE889298}.Release|x86.ActiveCfg = Release|Win32
		{95025D17-1660-4737-9AC6-D73BDE889298}.Release|x86.Build.0 = Release|Win32
		{DB4E3CAF-E2F8-4D4E-ACCB-1CF569EA79B4}.Debug|x64.ActiveCfg = Debug|x64
		{DB4E3CAF-E2F8-4D4E-ACCB-1CF569EA79B4}.Debug|x64.Build.0 = Debug|x64
		{DB4E3CAF-E2F8-4D4E-ACCB-1CF569EA79B4}.Debug|x86.ActiveCfg = Debug|Win32
		{DB4E3CAF-E2F8-4D4E-ACCB-1CF569EA79B4}.Debug|x86.Build.0 = Debug|Win32
		{DB4E3CAF-E2F8-4D4E-ACCB-1CF569EA79B4}.Release|x64.ActiveCfg = Release|x64
		{DB4E3CAF-E2F8-4D4E-ACCB-1CF569EA79B4}.Release|x64.Build.0 = Release|x64
		{DB4E3CAF-E2F8-4D4E-ACCB-1CF569EA79B4}.Release|x86.ActiveCfg = Release|Win32
		{DB4E3CAF-E2F8-4D4E-ACCB-1CF569EA79B4}.Release|x86.Build.0 = Release|Win32
		{C061B19C-D269-44CC-812F-9F851E7052EE}.Debug|x64.ActiveCfg = Debug|x64
		{C061B19C-D269-44CC-812F-9F851E7052EE}.Debug|x64.Build.0 = Debug|x64
		{C061B19C-D269-44CC-812F-9F851E7052EE}.Debug|x86.ActiveCfg = Debug|Win32
		{C061B19C-D269-44CC-812F-9F851E7052EE}.Debug|x86.Build.0 = Debug|Win32
		{C061B19C-D269-44CC-812F-9F851E7052EE}.Release|x64.ActiveCfg = Release|x64
		{C061B19C-D269-44CC-812F-9F851E7052EE}.Release|x64.Build.0 = Release|x64
		{C061B19C-D269-44CC-812F-9F851E7052EE}.Release|x86.ActiveCfg = Release|Win32
		{C061B19C-D269-44CC-812F-9F851E7052EE}.Release|x86.Build.0 = Release|Win32
		{D4FEEAFB-8E3D-43E1-BDD5-36AE0C309B01}.Debug|x64.ActiveCfg = Debug|x64
		{D4FEEAFB-8E3D-43E1-BDD5-36AE0C309B01}.Debug|x64.Build.0 = Debug|x64
		{D4FEEAFB-8E3D-43E1-BDD5-36AE0C309B01}.Debug|x86.ActiveCfg = Debug|Win32
		{D4FEEAFB-8E3D-43E1-BDD5-36AE0C309B01}.Debug|x86.Build.0 = Debug|Win32
		{D4FEEAFB-8E3D-43E1-BDD5-36AE0C309B01}.Release|x64.ActiveCfg = Release|x64
		{D4FEEAFB-8E3D-43E1-BDD5-36AE0C309B01}.Release|x64.Build.0 = Release|x64
		{D4FEEAFB-8E3D-43E1-BDD5-36AE0C309B01}.Release|x86.ActiveCfg = Release|Win32
		{D4FEEAFB-8E3D-43E1-BDD5-36AE0C309B01}.Release|x86.Build.0 = Release|Win32
		{58B11226-90B9-4476-AB1A-C8462B817B62}.Debug|x64.ActiveCfg = Debug|x64
		{58B11226-90B9-4476-AB1A-C8462B817B62}.Debug|x64.Build.0 = Debug|x64
		{58B11226-90B9-4476-AB1A-C8462B817B62}.Debug|x86.ActiveCfg = Debug|Win32
		{58B11226-90B9-4476-AB1A-C8462B817B62}.Debug|x86.Build.0 = Debug|Win32
		{58B11226-90B9-4476-AB1A-C8462B817B62}.Release|x64.ActiveCfg = Release|x64
		{58B11226-90B9-4476-AB1A-C8462B817B62}.Release|x64.Build.0 = Release|x64
		{58B11226-90B9-4476-AB1A-C8462B817B62}.Release|x86.ActiveCfg = Release|Win32
		{58B11226-90B9-4476-AB1A-C8462B817B62}.Release|x86.Build.0 = Release|Win32
	EndGlobalSection
	GlobalSection(SolutionProperties) = preSolution
		HideSolutionNode = FALSE
	EndGlobalSection
	GlobalSection(NestedProjects) = preSolution
		{95025D17-1660-4737-9AC6-D73BDE889298} = {525FCCDB-EEB8-472A-A5E2-05CB9AEF291E}
		{DB4E3CAF-E2F8-4D4E-ACCB-1CF569EA79B4} = {05D5B3D6-89BB-460D-AF87-FBA21B35A7B2}
		{C061B19C-D269-44CC-812F-9F851E7052EE} = {C5D36AD1-7D72-4141-9043-9BE2B5FD2390}
		{D4FEEAFB-8E3D-43E1-BDD5-36AE0C309B01} = {23A4AB90-32DC-4F41-905D-CE1F13898A02}
		{58B11226-90B9-4476-AB1A-C8462B817B62} = {946BCD15-1182-417E-8210-6C43E054B7C8}
	EndGlobalSection
	GlobalSection(ExtensibilityGlobals) = postSolution
		SolutionGuid = {F7EC85BC-E204-4685-B498-4856A2F743FE}
	EndGlobalSection
EndGlobal
